
Microsoft Visual Studio Solution File, Format Version 12.00
# Visual Studio Version 17
VisualStudioVersion = 17.2.32422.2
MinimumVisualStudioVersion = 10.0.40219.1
Project("{9A19103F-16F7-4668-BE54-9A1E7A4F7556}") = "CrowTool.Shared", "CrowTool.Shared\CrowTool.Shared.csproj", "{9A3C7961-B4D5-4FDA-9E61-C12F71B69B87}"
EndProject
Project("{9A19103F-16F7-4668-BE54-9A1E7A4F7556}") = "CrowTool.StaticBlazorWasmClient", "CrowTool.StaticBlazorWasmClient\CrowTool.StaticBlazorWasmClient.csproj", "{F740C48B-5F77-4431-8951-D55E3A330256}"
EndProject
#Project("{9A19103F-16F7-4668-BE54-9A1E7A4F7556}") = "CrowTool.YARP", "CrowTool.YARP\CrowTool.YARP.csproj", "{7E63F019-E50F-477E-A6AA-E67F627F671A}"
#EndProject
#Project("{FAE04EC0-301F-11D3-BF4B-00C04F79EFBC}") = "CrowTool.WebAPI", "CrowTool.WebAPI\CrowTool.WebAPI.csproj", "{E094FF85-5918-4C7C-9F44-64948E4D9315}"
#EndProject
Global
	GlobalSection(SolutionConfigurationPlatforms) = preSolution
		Debug|Any CPU = Debug|Any CPU
		Release|Any CPU = Release|Any CPU
	EndGlobalSection
	GlobalSection(ProjectConfigurationPlatforms) = postSolution
		{F740C48B-5F77-4431-8951-D55E3A330256}.Debug|Any CPU.ActiveCfg = Debug|Any CPU
		{F740C48B-5F77-4431-8951-D55E3A330256}.Debug|Any CPU.Build.0 = Debug|Any CPU
		{F740C48B-5F77-4431-8951-D55E3A330256}.Release|Any CPU.ActiveCfg = Release|Any CPU
		{F740C48B-5F77-4431-8951-D55E3A330256}.Release|Any CPU.Build.0 = Release|Any CPU
		{7E63F019-E50F-477E-A6AA-E67F627F671A}.Debug|Any CPU.ActiveCfg = Debug|Any CPU
		{7E63F019-E50F-477E-A6AA-E67F627F671A}.Debug|Any CPU.Build.0 = Debug|Any CPU
		{7E63F019-E50F-477E-A6AA-E67F627F671A}.Release|Any CPU.ActiveCfg = Release|Any CPU
		{7E63F019-E50F-477E-A6AA-E67F627F671A}.Release|Any CPU.Build.0 = Release|Any CPU
		{9A3C7961-B4D5-4FDA-9E61-C12F71B69B87}.Debug|Any CPU.ActiveCfg = Debug|Any CPU
		{9A3C7961-B4D5-4FDA-9E61-C12F71B69B87}.Debug|Any CPU.Build.0 = Debug|Any CPU
		{9A3C7961-B4D5-4FDA-9E61-C12F71B69B87}.Release|Any CPU.ActiveCfg = Release|Any CPU
		{9A3C7961-B4D5-4FDA-9E61-C12F71B69B87}.Release|Any CPU.Build.0 = Release|Any CPU
		{E094FF85-5918-4C7C-9F44-64948E4D9315}.Debug|Any CPU.ActiveCfg = Debug|Any CPU
		{E094FF85-5918-4C7C-9F44-64948E4D9315}.Debug|Any CPU.Build.0 = Debug|Any CPU
		{E094FF85-5918-4C7C-9F44-64948E4D9315}.Release|Any CPU.ActiveCfg = Release|Any CPU
		{E094FF85-5918-4C7C-9F44-64948E4D9315}.Release|Any CPU.Build.0 = Release|Any CPU
	EndGlobalSection
	GlobalSection(SolutionProperties) = preSolution
		HideSolutionNode = FALSE
	EndGlobalSection
	GlobalSection(ExtensibilityGlobals) = postSolution
		SolutionGuid = {A93281AC-31B8-4FBE-86D0-930B310CC909}
	EndGlobalSection
EndGlobal
